// !$*UTF8*$!
{
	archiveVersion = 1;
	classes = {
	};
	objectVersion = 46;
	objects = {

/* Begin PBXBuildFile section */
		0F71F7A21E0FCDF700629243 /* main.m in Sources */ = {isa = PBXBuildFile; fileRef = 0F71F7A11E0FCDF700629243 /* main.m */; };
		0F71F7A51E0FCDF700629243 /* AppDelegate.m in Sources */ = {isa = PBXBuildFile; fileRef = 0F71F7A41E0FCDF700629243 /* AppDelegate.m */; };
		0F71F7A81E0FCDF700629243 /* ViewController.m in Sources */ = {isa = PBXBuildFile; fileRef = 0F71F7A71E0FCDF700629243 /* ViewController.m */; };
		0F71F7AB1E0FCDF700629243 /* Main.storyboard in Resources */ = {isa = PBXBuildFile; fileRef = 0F71F7A91E0FCDF700629243 /* Main.storyboard */; };
		0F71F7AD1E0FCDF700629243 /* Assets.xcassets in Resources */ = {isa = PBXBuildFile; fileRef = 0F71F7AC1E0FCDF700629243 /* Assets.xcassets */; };
		0F71F7B01E0FCDF700629243 /* LaunchScreen.storyboard in Resources */ = {isa = PBXBuildFile; fileRef = 0F71F7AE1E0FCDF700629243 /* LaunchScreen.storyboard */; };
		0F71F7BB1E0FCDF700629243 /* Yuao_DevTests.m in Sources */ = {isa = PBXBuildFile; fileRef = 0F71F7BA1E0FCDF700629243 /* Yuao_DevTests.m */; };
		0F71F7C61E0FCDF700629243 /* Yuao_DevUITests.m in Sources */ = {isa = PBXBuildFile; fileRef = 0F71F7C51E0FCDF700629243 /* Yuao_DevUITests.m */; };
/* End PBXBuildFile section */

/* Begin PBXContainerItemProxy section */
		0F71F7B71E0FCDF700629243 /* PBXContainerItemProxy */ = {
			isa = PBXContainerItemProxy;
			containerPortal = 0F71F7951E0FCDF700629243 /* Project object */;
			proxyType = 1;
			remoteGlobalIDString = 0F71F79C1E0FCDF700629243;
			remoteInfo = "Yuao Dev";
		};
		0F71F7C21E0FCDF700629243 /* PBXContainerItemProxy */ = {
			isa = PBXContainerItemProxy;
			containerPortal = 0F71F7951E0FCDF700629243 /* Project object */;
			proxyType = 1;
			remoteGlobalIDString = 0F71F79C1E0FCDF700629243;
			remoteInfo = "Yuao Dev";
		};
/* End PBXContainerItemProxy section */

/* Begin PBXFileReference section */
		0F71F79D1E0FCDF700629243 /* Yuao Dev.app */ = {isa = PBXFileReference; explicitFileType = wrapper.application; includeInIndex = 0; path = "Yuao Dev.app"; sourceTree = BUILT_PRODUCTS_DIR; };
		0F71F7A11E0FCDF700629243 /* main.m */ = {isa = PBXFileReference; lastKnownFileType = sourcecode.c.objc; path = main.m; sourceTree = "<group>"; };
		0F71F7A31E0FCDF700629243 /* AppDelegate.h */ = {isa = PBXFileReference; lastKnownFileType = sourcecode.c.h; path = AppDelegate.h; sourceTree = "<group>"; };
		0F71F7A41E0FCDF700629243 /* AppDelegate.m */ = {isa = PBXFileReference; lastKnownFileType = sourcecode.c.objc; path = AppDelegate.m; sourceTree = "<group>"; };
		0F71F7A61E0FCDF700629243 /* ViewController.h */ = {isa = PBXFileReference; lastKnownFileType = sourcecode.c.h; path = ViewController.h; sourceTree = "<group>"; };
		0F71F7A71E0FCDF700629243 /* ViewController.m */ = {isa = PBXFileReference; lastKnownFileType = sourcecode.c.objc; path = ViewController.m; sourceTree = "<group>"; };
		0F71F7AA1E0FCDF700629243 /* Base */ = {isa = PBXFileReference; lastKnownFileType = file.storyboard; name = Base; path = Base.lproj/Main.storyboard; sourceTree = "<group>"; };
		0F71F7AC1E0FCDF700629243 /* Assets.xcassets */ = {isa = PBXFileReference; lastKnownFileType = folder.assetcatalog; path = Assets.xcassets; sourceTree = "<group>"; };
		0F71F7AF1E0FCDF700629243 /* Base */ = {isa = PBXFileReference; lastKnownFileType = file.storyboard; name = Base; path = Base.lproj/LaunchScreen.storyboard; sourceTree = "<group>"; };
		0F71F7B11E0FCDF700629243 /* Info.plist */ = {isa = PBXFileReference; lastKnownFileType = text.plist.xml; path = Info.plist; sourceTree = "<group>"; };
		0F71F7B61E0FCDF700629243 /* Yuao DevTests.xctest */ = {isa = PBXFileReference; explicitFileType = wrapper.cfbundle; includeInIndex = 0; path = "Yuao DevTests.xctest"; sourceTree = BUILT_PRODUCTS_DIR; };
		0F71F7BA1E0FCDF700629243 /* Yuao_DevTests.m */ = {isa = PBXFileReference; lastKnownFileType = sourcecode.c.objc; path = Yuao_DevTests.m; sourceTree = "<group>"; };
		0F71F7BC1E0FCDF700629243 /* Info.plist */ = {isa = PBXFileReference; lastKnownFileType = text.plist.xml; path = Info.plist; sourceTree = "<group>"; };
		0F71F7C11E0FCDF700629243 /* Yuao DevUITests.xctest */ = {isa = PBXFileReference; explicitFileType = wrapper.cfbundle; includeInIndex = 0; path = "Yuao DevUITests.xctest"; sourceTree = BUILT_PRODUCTS_DIR; };
		0F71F7C51E0FCDF700629243 /* Yuao_DevUITests.m */ = {isa = PBXFileReference; lastKnownFileType = sourcecode.c.objc; path = Yuao_DevUITests.m; sourceTree = "<group>"; };
		0F71F7C71E0FCDF700629243 /* Info.plist */ = {isa = PBXFileReference; lastKnownFileType = text.plist.xml; path = Info.plist; sourceTree = "<group>"; };
/* End PBXFileReference section */

/* Begin PBXFrameworksBuildPhase section */
		0F71F79A1E0FCDF700629243 /* Frameworks */ = {
			isa = PBXFrameworksBuildPhase;
			buildActionMask = 2147483647;
			files = (
			);
			runOnlyForDeploymentPostprocessing = 0;
		};
		0F71F7B31E0FCDF700629243 /* Frameworks */ = {
			isa = PBXFrameworksBuildPhase;
			buildActionMask = 2147483647;
			files = (
			);
			runOnlyForDeploymentPostprocessing = 0;
		};
		0F71F7BE1E0FCDF700629243 /* Frameworks */ = {
			isa = PBXFrameworksBuildPhase;
			buildActionMask = 2147483647;
			files = (
			);
			runOnlyForDeploymentPostprocessing = 0;
		};
/* End PBXFrameworksBuildPhase section */

/* Begin PBXGroup section */
		0F71F7941E0FCDF700629243 = {
			isa = PBXGroup;
			children = (
				0F71F79F1E0FCDF700629243 /* Yuao Dev */,
				0F71F7B91E0FCDF700629243 /* Yuao DevTests */,
				0F71F7C41E0FCDF700629243 /* Yuao DevUITests */,
				0F71F79E1E0FCDF700629243 /* Products */,
			);
			sourceTree = "<group>";
		};
		0F71F79E1E0FCDF700629243 /* Products */ = {
			isa = PBXGroup;
			children = (
				0F71F79D1E0FCDF700629243 /* Yuao Dev.app */,
				0F71F7B61E0FCDF700629243 /* Yuao DevTests.xctest */,
				0F71F7C11E0FCDF700629243 /* Yuao DevUITests.xctest */,
			);
			name = Products;
			sourceTree = "<group>";
		};
		0F71F79F1E0FCDF700629243 /* Yuao Dev */ = {
			isa = PBXGroup;
			children = (
				0F71F7A31E0FCDF700629243 /* AppDelegate.h */,
				0F71F7A41E0FCDF700629243 /* AppDelegate.m */,
				0F71F7A61E0FCDF700629243 /* ViewController.h */,
				0F71F7A71E0FCDF700629243 /* ViewController.m */,
				0F71F7A91E0FCDF700629243 /* Main.storyboard */,
				0F71F7AC1E0FCDF700629243 /* Assets.xcassets */,
				0F71F7AE1E0FCDF700629243 /* LaunchScreen.storyboard */,
				0F71F7B11E0FCDF700629243 /* Info.plist */,
				0F71F7A01E0FCDF700629243 /* Supporting Files */,
			);
			path = "Yuao Dev";
			sourceTree = "<group>";
		};
		0F71F7A01E0FCDF700629243 /* Supporting Files */ = {
			isa = PBXGroup;
			children = (
				0F71F7A11E0FCDF700629243 /* main.m */,
			);
			name = "Supporting Files";
			sourceTree = "<group>";
		};
		0F71F7B91E0FCDF700629243 /* Yuao DevTests */ = {
			isa = PBXGroup;
			children = (
				0F71F7BA1E0FCDF700629243 /* Yuao_DevTests.m */,
				0F71F7BC1E0FCDF700629243 /* Info.plist */,
			);
			path = "Yuao DevTests";
			sourceTree = "<group>";
		};
		0F71F7C41E0FCDF700629243 /* Yuao DevUITests */ = {
			isa = PBXGroup;
			children = (
				0F71F7C51E0FCDF700629243 /* Yuao_DevUITests.m */,
				0F71F7C71E0FCDF700629243 /* Info.plist */,
			);
			path = "Yuao DevUITests";
			sourceTree = "<group>";
		};
/* End PBXGroup section */

/* Begin PBXNativeTarget section */
		0F71F79C1E0FCDF700629243 /* Yuao Dev */ = {
			isa = PBXNativeTarget;
			buildConfigurationList = 0F71F7CA1E0FCDF700629243 /* Build configuration list for PBXNativeTarget "Yuao Dev" */;
			buildPhases = (
				0F71F7991E0FCDF700629243 /* Sources */,
				0F71F79A1E0FCDF700629243 /* Frameworks */,
				0F71F79B1E0FCDF700629243 /* Resources */,
			);
			buildRules = (
			);
			dependencies = (
			);
			name = "Yuao Dev";
			productName = "Yuao Dev";
			productReference = 0F71F79D1E0FCDF700629243 /* Yuao Dev.app */;
			productType = "com.apple.product-type.application";
		};
		0F71F7B51E0FCDF700629243 /* Yuao DevTests */ = {
			isa = PBXNativeTarget;
			buildConfigurationList = 0F71F7CD1E0FCDF700629243 /* Build configuration list for PBXNativeTarget "Yuao DevTests" */;
			buildPhases = (
				0F71F7B21E0FCDF700629243 /* Sources */,
				0F71F7B31E0FCDF700629243 /* Frameworks */,
				0F71F7B41E0FCDF700629243 /* Resources */,
			);
			buildRules = (
			);
			dependencies = (
				0F71F7B81E0FCDF700629243 /* PBXTargetDependency */,
			);
			name = "Yuao DevTests";
			productName = "Yuao DevTests";
			productReference = 0F71F7B61E0FCDF700629243 /* Yuao DevTests.xctest */;
			productType = "com.apple.product-type.bundle.unit-test";
		};
		0F71F7C01E0FCDF700629243 /* Yuao DevUITests */ = {
			isa = PBXNativeTarget;
			buildConfigurationList = 0F71F7D01E0FCDF700629243 /* Build configuration list for PBXNativeTarget "Yuao DevUITests" */;
			buildPhases = (
				0F71F7BD1E0FCDF700629243 /* Sources */,
				0F71F7BE1E0FCDF700629243 /* Frameworks */,
				0F71F7BF1E0FCDF700629243 /* Resources */,
			);
			buildRules = (
			);
			dependencies = (
				0F71F7C31E0FCDF700629243 /* PBXTargetDependency */,
			);
			name = "Yuao DevUITests";
			productName = "Yuao DevUITests";
			productReference = 0F71F7C11E0FCDF700629243 /* Yuao DevUITests.xctest */;
			productType = "com.apple.product-type.bundle.ui-testing";
		};
/* End PBXNativeTarget section */

/* Begin PBXProject section */
		0F71F7951E0FCDF700629243 /* Project object */ = {
			isa = PBXProject;
			attributes = {
				LastUpgradeCheck = 0820;
				ORGANIZATIONNAME = "REX POWER";
				TargetAttributes = {
					0F71F79C1E0FCDF700629243 = {
						CreatedOnToolsVersion = 8.2.1;
						DevelopmentTeam = XYY324AUCX;
						ProvisioningStyle = Automatic;
					};
					0F71F7B51E0FCDF700629243 = {
						CreatedOnToolsVersion = 8.2.1;
						DevelopmentTeam = XYY324AUCX;
						ProvisioningStyle = Automatic;
						TestTargetID = 0F71F79C1E0FCDF700629243;
					};
					0F71F7C01E0FCDF700629243 = {
						CreatedOnToolsVersion = 8.2.1;
						DevelopmentTeam = XYY324AUCX;
						ProvisioningStyle = Automatic;
						TestTargetID = 0F71F79C1E0FCDF700629243;
					};
				};
			};
			buildConfigurationList = 0F71F7981E0FCDF700629243 /* Build configuration list for PBXProject "Yuao Dev" */;
			compatibilityVersion = "Xcode 3.2";
			developmentRegion = English;
			hasScannedForEncodings = 0;
			knownRegions = (
				en,
				Base,
			);
			mainGroup = 0F71F7941E0FCDF700629243;
			productRefGroup = 0F71F79E1E0FCDF700629243 /* Products */;
			projectDirPath = "";
			projectRoot = "";
			targets = (
				0F71F79C1E0FCDF700629243 /* Yuao Dev */,
				0F71F7B51E0FCDF700629243 /* Yuao DevTests */,
				0F71F7C01E0FCDF700629243 /* Yuao DevUITests */,
			);
		};
/* End PBXProject section */

/* Begin PBXResourcesBuildPhase section */
		0F71F79B1E0FCDF700629243 /* Resources */ = {
			isa = PBXResourcesBuildPhase;
			buildActionMask = 2147483647;
			files = (
				0F71F7B01E0FCDF700629243 /* LaunchScreen.storyboard in Resources */,
				0F71F7AD1E0FCDF700629243 /* Assets.xcassets in Resources */,
				0F71F7AB1E0FCDF700629243 /* Main.storyboard in Resources */,
			);
			runOnlyForDeploymentPostprocessing = 0;
		};
		0F71F7B41E0FCDF700629243 /* Resources */ = {
			isa = PBXResourcesBuildPhase;
			buildActionMask = 2147483647;
			files = (
			);
			runOnlyForDeploymentPostprocessing = 0;
		};
		0F71F7BF1E0FCDF700629243 /* Resources */ = {
			isa = PBXResourcesBuildPhase;
			buildActionMask = 2147483647;
			files = (
			);
			runOnlyForDeploymentPostprocessing = 0;
		};
/* End PBXResourcesBuildPhase section */

/* Begin PBXSourcesBuildPhase section */
		0F71F7991E0FCDF700629243 /* Sources */ = {
			isa = PBXSourcesBuildPhase;
			buildActionMask = 2147483647;
			files = (
				0F71F7A81E0FCDF700629243 /* ViewController.m in Sources */,
				0F71F7A51E0FCDF700629243 /* AppDelegate.m in Sources */,
				0F71F7A21E0FCDF700629243 /* main.m in Sources */,
			);
			runOnlyForDeploymentPostprocessing = 0;
		};
		0F71F7B21E0FCDF700629243 /* Sources */ = {
			isa = PBXSourcesBuildPhase;
			buildActionMask = 2147483647;
			files = (
				0F71F7BB1E0FCDF700629243 /* Yuao_DevTests.m in Sources */,
			);
			runOnlyForDeploymentPostprocessing = 0;
		};
		0F71F7BD1E0FCDF700629243 /* Sources */ = {
			isa = PBXSourcesBuildPhase;
			buildActionMask = 2147483647;
			files = (
				0F71F7C61E0FCDF700629243 /* Yuao_DevUITests.m in Sources */,
			);
			runOnlyForDeploymentPostprocessing = 0;
		};
/* End PBXSourcesBuildPhase section */

/* Begin PBXTargetDependency section */
		0F71F7B81E0FCDF700629243 /* PBXTargetDependency */ = {
			isa = PBXTargetDependency;
			target = 0F71F79C1E0FCDF700629243 /* Yuao Dev */;
			targetProxy = 0F71F7B71E0FCDF700629243 /* PBXContainerItemProxy */;
		};
		0F71F7C31E0FCDF700629243 /* PBXTargetDependency */ = {
			isa = PBXTargetDependency;
			target = 0F71F79C1E0FCDF700629243 /* Yuao Dev */;
			targetProxy = 0F71F7C21E0FCDF700629243 /* PBXContainerItemProxy */;
		};
/* End PBXTargetDependency section */

/* Begin PBXVariantGroup section */
		0F71F7A91E0FCDF700629243 /* Main.storyboard */ = {
			isa = PBXVariantGroup;
			children = (
				0F71F7AA1E0FCDF700629243 /* Base */,
			);
			name = Main.storyboard;
			sourceTree = "<group>";
		};
		0F71F7AE1E0FCDF700629243 /* LaunchScreen.storyboard */ = {
			isa = PBXVariantGroup;
			children = (
				0F71F7AF1E0FCDF700629243 /* Base */,
			);
			name = LaunchScreen.storyboard;
			sourceTree = "<group>";
		};
/* End PBXVariantGroup section */

/* Begin XCBuildConfiguration section */
		0F71F7C81E0FCDF700629243 /* Debug */ = {
			isa = XCBuildConfiguration;
			buildSettings = {
				ALWAYS_SEARCH_USER_PATHS = NO;
				CLANG_ANALYZER_NONNULL = YES;
				CLANG_CXX_LANGUAGE_STANDARD = "gnu++0x";
				CLANG_CXX_LIBRARY = "libc++";
				CLANG_ENABLE_MODULES = YES;
				CLANG_ENABLE_OBJC_ARC = YES;
				CLANG_WARN_BOOL_CONVERSION = YES;
				CLANG_WARN_CONSTANT_CONVERSION = YES;
				CLANG_WARN_DIRECT_OBJC_ISA_USAGE = YES_ERROR;
				CLANG_WARN_DOCUMENTATION_COMMENTS = YES;
				CLANG_WARN_EMPTY_BODY = YES;
				CLANG_WARN_ENUM_CONVERSION = YES;
				CLANG_WARN_INFINITE_RECURSION = YES;
				CLANG_WARN_INT_CONVERSION = YES;
				CLANG_WARN_OBJC_ROOT_CLASS = YES_ERROR;
				CLANG_WARN_SUSPICIOUS_MOVE = YES;
				CLANG_WARN_UNREACHABLE_CODE = YES;
				CLANG_WARN__DUPLICATE_METHOD_MATCH = YES;
				"CODE_SIGN_IDENTITY[sdk=iphoneos*]" = "iPhone Developer";
				COPY_PHASE_STRIP = NO;
				DEBUG_INFORMATION_FORMAT = dwarf;
				ENABLE_STRICT_OBJC_MSGSEND = YES;
				ENABLE_TESTABILITY = YES;
				GCC_C_LANGUAGE_STANDARD = gnu99;
				GCC_DYNAMIC_NO_PIC = NO;
				GCC_NO_COMMON_BLOCKS = YES;
				GCC_OPTIMIZATION_LEVEL = 0;
				GCC_PREPROCESSOR_DEFINITIONS = (
					"DEBUG=1",
					"$(inherited)",
				);
				GCC_WARN_64_TO_32_BIT_CONVERSION = YES;
				GCC_WARN_ABOUT_RETURN_TYPE = YES_ERROR;
				GCC_WARN_UNDECLARED_SELECTOR = YES;
				GCC_WARN_UNINITIALIZED_AUTOS = YES_AGGRESSIVE;
				GCC_WARN_UNUSED_FUNCTION = YES;
				GCC_WARN_UNUSED_VARIABLE = YES;
				IPHONEOS_DEPLOYMENT_TARGET = 10.2;
				MTL_ENABLE_DEBUG_INFO = YES;
				ONLY_ACTIVE_ARCH = YES;
				SDKROOT = iphoneos;
				TARGETED_DEVICE_FAMILY = "1,2";
			};
			name = Debug;
		};
		0F71F7C91E0FCDF700629243 /* Release */ = {
			isa = XCBuildConfiguration;
			buildSettings = {
				ALWAYS_SEARCH_USER_PATHS = NO;
				CLANG_ANALYZER_NONNULL = YES;
				CLANG_CXX_LANGUAGE_STANDARD = "gnu++0x";
				CLANG_CXX_LIBRARY = "libc++";
				CLANG_ENABLE_MODULES = YES;
				CLANG_ENABLE_OBJC_ARC = YES;
				CLANG_WARN_BOOL_CONVERSION = YES;
				CLANG_WARN_CONSTANT_CONVERSION = YES;
				CLANG_WARN_DIRECT_OBJC_ISA_USAGE = YES_ERROR;
				CLANG_WARN_DOCUMENTATION_COMMENTS = YES;
				CLANG_WARN_EMPTY_BODY = YES;
				CLANG_WARN_ENUM_CONVERSION = YES;
				CLANG_WARN_INFINITE_RECURSION = YES;
				CLANG_WARN_INT_CONVERSION = YES;
				CLANG_WARN_OBJC_ROOT_CLASS = YES_ERROR;
				CLANG_WARN_SUSPICIOUS_MOVE = YES;
				CLANG_WARN_UNREACHABLE_CODE = YES;
				CLANG_WARN__DUPLICATE_METHOD_MATCH = YES;
				"CODE_SIGN_IDENTITY[sdk=iphoneos*]" = "iPhone Developer";
				COPY_PHASE_STRIP = NO;
				DEBUG_INFORMATION_FORMAT = "dwarf-with-dsym";
				ENABLE_NS_ASSERTIONS = NO;
				ENABLE_STRICT_OBJC_MSGSEND = YES;
				GCC_C_LANGUAGE_STANDARD = gnu99;
				GCC_NO_COMMON_BLOCKS = YES;
				GCC_WARN_64_TO_32_BIT_CONVERSION = YES;
				GCC_WARN_ABOUT_RETURN_TYPE = YES_ERROR;
				GCC_WARN_UNDECLARED_SELECTOR = YES;
				GCC_WARN_UNINITIALIZED_AUTOS = YES_AGGRESSIVE;
				GCC_WARN_UNUSED_FUNCTION = YES;
				GCC_WARN_UNUSED_VARIABLE = YES;
				IPHONEOS_DEPLOYMENT_TARGET = 10.2;
				MTL_ENABLE_DEBUG_INFO = NO;
				SDKROOT = iphoneos;
				TARGETED_DEVICE_FAMILY = "1,2";
				VALIDATE_PRODUCT = YES;
			};
			name = Release;
		};
		0F71F7CB1E0FCDF700629243 /* Debug */ = {
			isa = XCBuildConfiguration;
			buildSettings = {
				ASSETCATALOG_COMPILER_APPICON_NAME = AppIcon;
				DEVELOPMENT_TEAM = XYY324AUCX;
				INFOPLIST_FILE = "Yuao Dev/Info.plist";
				LD_RUNPATH_SEARCH_PATHS = "$(inherited) @executable_path/Frameworks";
				PRODUCT_BUNDLE_IDENTIFIER = "com.yuao-dev.Yuao-Dev";
				PRODUCT_NAME = "$(TARGET_NAME)";
			};
			name = Debug;
		};
		0F71F7CC1E0FCDF700629243 /* Release */ = {
			isa = XCBuildConfiguration;
			buildSettings = {
				ASSETCATALOG_COMPILER_APPICON_NAME = AppIcon;
				DEVELOPMENT_TEAM = XYY324AUCX;
				INFOPLIST_FILE = "Yuao Dev/Info.plist";
				LD_RUNPATH_SEARCH_PATHS = "$(inherited) @executable_path/Frameworks";
				PRODUCT_BUNDLE_IDENTIFIER = "com.yuao-dev.Yuao-Dev";
				PRODUCT_NAME = "$(TARGET_NAME)";
			};
			name = Release;
		};
		0F71F7CE1E0FCDF700629243 /* Debug */ = {
			isa = XCBuildConfiguration;
			buildSettings = {
				BUNDLE_LOADER = "$(TEST_HOST)";
				DEVELOPMENT_TEAM = XYY324AUCX;
				INFOPLIST_FILE = "Yuao DevTests/Info.plist";
				LD_RUNPATH_SEARCH_PATHS = "$(inherited) @executable_path/Frameworks @loader_path/Frameworks";
				PRODUCT_BUNDLE_IDENTIFIER = "com.yuao-dev.Yuao-DevTests";
				PRODUCT_NAME = "$(TARGET_NAME)";
				TEST_HOST = "$(BUILT_PRODUCTS_DIR)/Yuao Dev.app/Yuao Dev";
			};
			name = Debug;
		};
		0F71F7CF1E0FCDF700629243 /* Release */ = {
			isa = XCBuildConfiguration;
			buildSettings = {
				BUNDLE_LOADER = "$(TEST_HOST)";
				DEVELOPMENT_TEAM = XYY324AUCX;
				INFOPLIST_FILE = "Yuao DevTests/Info.plist";
				LD_RUNPATH_SEARCH_PATHS = "$(inherited) @executable_path/Frameworks @loader_path/Frameworks";
				PRODUCT_BUNDLE_IDENTIFIER = "com.yuao-dev.Yuao-DevTests";
				PRODUCT_NAME = "$(TARGET_NAME)";
				TEST_HOST = "$(BUILT_PRODUCTS_DIR)/Yuao Dev.app/Yuao Dev";
			};
			name = Release;
		};
		0F71F7D11E0FCDF700629243 /* Debug */ = {
			isa = XCBuildConfiguration;
			buildSettings = {
				DEVELOPMENT_TEAM = XYY324AUCX;
				INFOPLIST_FILE = "Yuao DevUITests/Info.plist";
				LD_RUNPATH_SEARCH_PATHS = "$(inherited) @executable_path/Frameworks @loader_path/Frameworks";
				PRODUCT_BUNDLE_IDENTIFIER = "com.yuao-dev.Yuao-DevUITests";
				PRODUCT_NAME = "$(TARGET_NAME)";
				TEST_TARGET_NAME = "Yuao Dev";
			};
			name = Debug;
		};
		0F71F7D21E0FCDF700629243 /* Release */ = {
			isa = XCBuildConfiguration;
			buildSettings = {
				DEVELOPMENT_TEAM = XYY324AUCX;
				INFOPLIST_FILE = "Yuao DevUITests/Info.plist";
				LD_RUNPATH_SEARCH_PATHS = "$(inherited) @executable_path/Frameworks @loader_path/Frameworks";
				PRODUCT_BUNDLE_IDENTIFIER = "com.yuao-dev.Yuao-DevUITests";
				PRODUCT_NAME = "$(TARGET_NAME)";
				TEST_TARGET_NAME = "Yuao Dev";
			};
			name = Release;
		};
/* End XCBuildConfiguration section */

/* Begin XCConfigurationList section */
		0F71F7981E0FCDF700629243 /* Build configuration list for PBXProject "Yuao Dev" */ = {
			isa = XCConfigurationList;
			buildConfigurations = (
				0F71F7C81E0FCDF700629243 /* Debug */,
				0F71F7C91E0FCDF700629243 /* Release */,
			);
			defaultConfigurationIsVisible = 0;
			defaultConfigurationName = Release;
		};
		0F71F7CA1E0FCDF700629243 /* Build configuration list for PBXNativeTarget "Yuao Dev" */ = {
			isa = XCConfigurationList;
			buildConfigurations = (
				0F71F7CB1E0FCDF700629243 /* Debug */,
				0F71F7CC1E0FCDF700629243 /* Release */,
			);
			defaultConfigurationIsVisible = 0;
		};
		0F71F7CD1E0FCDF700629243 /* Build configuration list for PBXNativeTarget "Yuao DevTests" */ = {
			isa = XCConfigurationList;
			buildConfigurations = (
				0F71F7CE1E0FCDF700629243 /* Debug */,
				0F71F7CF1E0FCDF700629243 /* Release */,
			);
			defaultConfigurationIsVisible = 0;
		};
		0F71F7D01E0FCDF700629243 /* Build configuration list for PBXNativeTarget "Yuao DevUITests" */ = {
			isa = XCConfigurationList;
			buildConfigurations = (
				0F71F7D11E0FCDF700629243 /* Debug */,
				0F71F7D21E0FCDF700629243 /* Release */,
			);
			defaultConfigurationIsVisible = 0;
		};
/* End XCConfigurationList section */
	};
	rootObject = 0F71F7951E0FCDF700629243 /* Project object */;
}
